
Microsoft Visual Studio Solution File, Format Version 12.00
# Visual Studio 14
VisualStudioVersion = 14.0.25420.1
MinimumVisualStudioVersion = 10.0.40219.1
Project("{FAE04EC0-301F-11D3-BF4B-00C04F79EFBC}") = "Datos", "Datos\Datos.csproj", "{710DBA43-8019-443A-9ED6-CCDAC229195D}"
EndProject
Project("{FAE04EC0-301F-11D3-BF4B-00C04F79EFBC}") = "Diseño", "Diseño\Diseño.csproj", "{476D78E5-D014-4D01-BEC0-B0F5D707FE10}"
EndProject
Project("{FAE04EC0-301F-11D3-BF4B-00C04F79EFBC}") = "Negocio", "Negocio\Negocio.csproj", "{9605361A-CAF8-41C8-98E8-1C1A0B001D8B}"
EndProject
Project("{2150E333-8FDC-42A3-9474-1A3956D46DE8}") = "Proyecto principal", "Proyecto principal", "{514EC24D-832A-43EB-84D5-BC99FCC01C41}"
EndProject
Project("{2150E333-8FDC-42A3-9474-1A3956D46DE8}") = "Otros proyectos", "Otros proyectos", "{7CA5DBB3-3BA0-4531-AC07-012A4C1A0FDF}"
EndProject
Project("{FAE04EC0-301F-11D3-BF4B-00C04F79EFBC}") = "CustomControls", "CustomControls\CustomControls.csproj", "{5B85E2D7-2005-4496-B5D7-59C68A1EC91D}"
EndProject
Project("{FAE04EC0-301F-11D3-BF4B-00C04F79EFBC}") = "Mail", "Mail\Mail.csproj", "{B666801B-FFA2-4B0D-8560-713A607C2AD9}"
EndProject
Project("{FAE04EC0-301F-11D3-BF4B-00C04F79EFBC}") = "Client", "Client\Client.csproj", "{B075A585-76F6-4848-BC94-646A700120B6}"
EndProject
Project("{FAE04EC0-301F-11D3-BF4B-00C04F79EFBC}") = "Notas", "Notas\Notas.csproj", "{79DC542D-7F96-4F06-A215-FBB61B86D138}"
EndProject
Project("{FAE04EC0-301F-11D3-BF4B-00C04F79EFBC}") = "Server", "Server\Server.csproj", "{F84EDACB-78BF-459C-A072-E0321D4684F8}"
EndProject
Project("{FAE04EC0-301F-11D3-BF4B-00C04F79EFBC}") = "Calculadora Cientifica", "Calculadora\Calculadora Cientifica.csproj", "{14A92A25-0EC7-4E08-9749-CC8F66D081B0}"
EndProject
Project("{2150E333-8FDC-42A3-9474-1A3956D46DE8}") = "Proyecto WEB", "Proyecto WEB", "{C6D95556-0DA4-4B33-9034-7BE7C953A7F0}"
EndProject
Project("{FAE04EC0-301F-11D3-BF4B-00C04F79EFBC}") = "Diseño WEB", "Diseño WEB\Diseño WEB.csproj", "{460DE719-F48D-41F7-A101-5BE7F77940B7}"
EndProject
Project("{FAE04EC0-301F-11D3-BF4B-00C04F79EFBC}") = "Reproductor_SILA", "Reproductor_SILA\Reproductor_SILA.csproj", "{BEF148C5-5D01-4B61-9550-0EFBD7F6E0B2}"
EndProject
Project("{FAE04EC0-301F-11D3-BF4B-00C04F79EFBC}") = "Navegador", "Navegador\Navegador.csproj", "{E70E5509-9A32-427E-AB72-FC61F081D71E}"
EndProject
Project("{FAE04EC0-301F-11D3-BF4B-00C04F79EFBC}") = "SQ_Server", "SQ_Server\SQ_Server.csproj", "{4808FF67-9015-46ED-99EF-D822547DC391}"
EndProject
Global
	GlobalSection(SolutionConfigurationPlatforms) = preSolution
		Debug|Any CPU = Debug|Any CPU
		Release|Any CPU = Release|Any CPU
	EndGlobalSection
	GlobalSection(ProjectConfigurationPlatforms) = postSolution
		{710DBA43-8019-443A-9ED6-CCDAC229195D}.Debug|Any CPU.ActiveCfg = Debug|Any CPU
		{710DBA43-8019-443A-9ED6-CCDAC229195D}.Debug|Any CPU.Build.0 = Debug|Any CPU
		{710DBA43-8019-443A-9ED6-CCDAC229195D}.Release|Any CPU.ActiveCfg = Release|Any CPU
		{710DBA43-8019-443A-9ED6-CCDAC229195D}.Release|Any CPU.Build.0 = Release|Any CPU
		{476D78E5-D014-4D01-BEC0-B0F5D707FE10}.Debug|Any CPU.ActiveCfg = Debug|Any CPU
		{476D78E5-D014-4D01-BEC0-B0F5D707FE10}.Debug|Any CPU.Build.0 = Debug|Any CPU
		{476D78E5-D014-4D01-BEC0-B0F5D707FE10}.Release|Any CPU.ActiveCfg = Release|Any CPU
		{476D78E5-D014-4D01-BEC0-B0F5D707FE10}.Release|Any CPU.Build.0 = Release|Any CPU
		{9605361A-CAF8-41C8-98E8-1C1A0B001D8B}.Debug|Any CPU.ActiveCfg = Debug|Any CPU
		{9605361A-CAF8-41C8-98E8-1C1A0B001D8B}.Debug|Any CPU.Build.0 = Debug|Any CPU
		{9605361A-CAF8-41C8-98E8-1C1A0B001D8B}.Release|Any CPU.ActiveCfg = Release|Any CPU
		{9605361A-CAF8-41C8-98E8-1C1A0B001D8B}.Release|Any CPU.Build.0 = Release|Any CPU
		{5B85E2D7-2005-4496-B5D7-59C68A1EC91D}.Debug|Any CPU.ActiveCfg = Debug|Any CPU
		{5B85E2D7-2005-4496-B5D7-59C68A1EC91D}.Debug|Any CPU.Build.0 = Debug|Any CPU
		{5B85E2D7-2005-4496-B5D7-59C68A1EC91D}.Release|Any CPU.ActiveCfg = Release|Any CPU
		{5B85E2D7-2005-4496-B5D7-59C68A1EC91D}.Release|Any CPU.Build.0 = Release|Any CPU
		{B666801B-FFA2-4B0D-8560-713A607C2AD9}.Debug|Any CPU.ActiveCfg = Debug|Any CPU
		{B666801B-FFA2-4B0D-8560-713A607C2AD9}.Debug|Any CPU.Build.0 = Debug|Any CPU
		{B666801B-FFA2-4B0D-8560-713A607C2AD9}.Release|Any CPU.ActiveCfg = Release|Any CPU
		{B666801B-FFA2-4B0D-8560-713A607C2AD9}.Release|Any CPU.Build.0 = Release|Any CPU
		{B075A585-76F6-4848-BC94-646A700120B6}.Debug|Any CPU.ActiveCfg = Debug|Any CPU
		{B075A585-76F6-4848-BC94-646A700120B6}.Debug|Any CPU.Build.0 = Debug|Any CPU
		{B075A585-76F6-4848-BC94-646A700120B6}.Release|Any CPU.ActiveCfg = Release|Any CPU
		{B075A585-76F6-4848-BC94-646A700120B6}.Release|Any CPU.Build.0 = Release|Any CPU
		{79DC542D-7F96-4F06-A215-FBB61B86D138}.Debug|Any CPU.ActiveCfg = Debug|Any CPU
		{79DC542D-7F96-4F06-A215-FBB61B86D138}.Debug|Any CPU.Build.0 = Debug|Any CPU
		{79DC542D-7F96-4F06-A215-FBB61B86D138}.Release|Any CPU.ActiveCfg = Release|Any CPU
		{79DC542D-7F96-4F06-A215-FBB61B86D138}.Release|Any CPU.Build.0 = Release|Any CPU
		{F84EDACB-78BF-459C-A072-E0321D4684F8}.Debug|Any CPU.ActiveCfg = Debug|Any CPU
		{F84EDACB-78BF-459C-A072-E0321D4684F8}.Debug|Any CPU.Build.0 = Debug|Any CPU
		{F84EDACB-78BF-459C-A072-E0321D4684F8}.Release|Any CPU.ActiveCfg = Release|Any CPU
		{F84EDACB-78BF-459C-A072-E0321D4684F8}.Release|Any CPU.Build.0 = Release|Any CPU
		{14A92A25-0EC7-4E08-9749-CC8F66D081B0}.Debug|Any CPU.ActiveCfg = Debug|Any CPU
		{14A92A25-0EC7-4E08-9749-CC8F66D081B0}.Debug|Any CPU.Build.0 = Debug|Any CPU
		{14A92A25-0EC7-4E08-9749-CC8F66D081B0}.Release|Any CPU.ActiveCfg = Release|Any CPU
		{14A92A25-0EC7-4E08-9749-CC8F66D081B0}.Release|Any CPU.Build.0 = Release|Any CPU
		{460DE719-F48D-41F7-A101-5BE7F77940B7}.Debug|Any CPU.ActiveCfg = Debug|Any CPU
		{460DE719-F48D-41F7-A101-5BE7F77940B7}.Debug|Any CPU.Build.0 = Debug|Any CPU
		{460DE719-F48D-41F7-A101-5BE7F77940B7}.Release|Any CPU.ActiveCfg = Release|Any CPU
		{460DE719-F48D-41F7-A101-5BE7F77940B7}.Release|Any CPU.Build.0 = Release|Any CPU
		{BEF148C5-5D01-4B61-9550-0EFBD7F6E0B2}.Debug|Any CPU.ActiveCfg = Debug|Any CPU
		{BEF148C5-5D01-4B61-9550-0EFBD7F6E0B2}.Debug|Any CPU.Build.0 = Debug|Any CPU
		{BEF148C5-5D01-4B61-9550-0EFBD7F6E0B2}.Release|Any CPU.ActiveCfg = Release|Any CPU
		{BEF148C5-5D01-4B61-9550-0EFBD7F6E0B2}.Release|Any CPU.Build.0 = Release|Any CPU
		{E70E5509-9A32-427E-AB72-FC61F081D71E}.Debug|Any CPU.ActiveCfg = Debug|Any CPU
		{E70E5509-9A32-427E-AB72-FC61F081D71E}.Debug|Any CPU.Build.0 = Debug|Any CPU
		{E70E5509-9A32-427E-AB72-FC61F081D71E}.Release|Any CPU.ActiveCfg = Release|Any CPU
		{E70E5509-9A32-427E-AB72-FC61F081D71E}.Release|Any CPU.Build.0 = Release|Any CPU
		{4808FF67-9015-46ED-99EF-D822547DC391}.Debug|Any CPU.ActiveCfg = Debug|Any CPU
		{4808FF67-9015-46ED-99EF-D822547DC391}.Debug|Any CPU.Build.0 = Debug|Any CPU
		{4808FF67-9015-46ED-99EF-D822547DC391}.Release|Any CPU.ActiveCfg = Release|Any CPU
		{4808FF67-9015-46ED-99EF-D822547DC391}.Release|Any CPU.Build.0 = Release|Any CPU
	EndGlobalSection
	GlobalSection(SolutionProperties) = preSolution
		HideSolutionNode = FALSE
	EndGlobalSection
	GlobalSection(NestedProjects) = preSolution
		{710DBA43-8019-443A-9ED6-CCDAC229195D} = {514EC24D-832A-43EB-84D5-BC99FCC01C41}
		{476D78E5-D014-4D01-BEC0-B0F5D707FE10} = {514EC24D-832A-43EB-84D5-BC99FCC01C41}
		{9605361A-CAF8-41C8-98E8-1C1A0B001D8B} = {514EC24D-832A-43EB-84D5-BC99FCC01C41}
		{5B85E2D7-2005-4496-B5D7-59C68A1EC91D} = {7CA5DBB3-3BA0-4531-AC07-012A4C1A0FDF}
		{B666801B-FFA2-4B0D-8560-713A607C2AD9} = {7CA5DBB3-3BA0-4531-AC07-012A4C1A0FDF}
		{B075A585-76F6-4848-BC94-646A700120B6} = {7CA5DBB3-3BA0-4531-AC07-012A4C1A0FDF}
		{79DC542D-7F96-4F06-A215-FBB61B86D138} = {7CA5DBB3-3BA0-4531-AC07-012A4C1A0FDF}
		{F84EDACB-78BF-459C-A072-E0321D4684F8} = {7CA5DBB3-3BA0-4531-AC07-012A4C1A0FDF}
		{14A92A25-0EC7-4E08-9749-CC8F66D081B0} = {7CA5DBB3-3BA0-4531-AC07-012A4C1A0FDF}
		{460DE719-F48D-41F7-A101-5BE7F77940B7} = {C6D95556-0DA4-4B33-9034-7BE7C953A7F0}
		{BEF148C5-5D01-4B61-9550-0EFBD7F6E0B2} = {7CA5DBB3-3BA0-4531-AC07-012A4C1A0FDF}
		{E70E5509-9A32-427E-AB72-FC61F081D71E} = {7CA5DBB3-3BA0-4531-AC07-012A4C1A0FDF}
		{4808FF67-9015-46ED-99EF-D822547DC391} = {7CA5DBB3-3BA0-4531-AC07-012A4C1A0FDF}
	EndGlobalSection
EndGlobal
